
Microsoft Visual Studio Solution File, Format Version 12.00
# Visual Studio 14
VisualStudioVersion = 14.0.25420.1
MinimumVisualStudioVersion = 10.0.40219.1
Project("{FAE04EC0-301F-11D3-BF4B-00C04F79EFBC}") = "SOLID_PRINCIPLE.DATA", "SOLID_PRINCIPLE.DATA\SOLID_PRINCIPLE.DATA.csproj", "{9AB333B8-C80C-43FF-BAA9-8A8E84EE056B}"
EndProject
Project("{FAE04EC0-301F-11D3-BF4B-00C04F79EFBC}") = "SOLID_PRINCIPLE.CORE", "SOLID_PRINCIPLE.CORE\SOLID_PRINCIPLE.CORE.csproj", "{CFC558EB-E8F3-496A-8C8B-189E8659D1FB}"
EndProject
Project("{FAE04EC0-301F-11D3-BF4B-00C04F79EFBC}") = "SOLID_PRINCIPLE.TESTs", "SOLID_PRINCIPLE.TESTs\SOLID_PRINCIPLE.TESTs.csproj", "{67BB4C1D-527F-4985-9C13-52A581D6C864}"
EndProject
Project("{FAE04EC0-301F-11D3-BF4B-00C04F79EFBC}") = "SOLID_PRINCIPLE.SERVICEs", "SOLID_PRINCIPLE.SERVICEs\SOLID_PRINCIPLE.SERVICEs.csproj", "{2502CD56-51A9-4697-9D25-CDE70C6A8063}"
EndProject
Project("{FAE04EC0-301F-11D3-BF4B-00C04F79EFBC}") = "SOLID_PRINCIPLE.SHAREDLIBs", "SOLID_PRINCIPLE.SHAREDLIBs\SOLID_PRINCIPLE.SHAREDLIBs.csproj", "{0B6D8FF9-5545-4A49-8E50-ED716AA96BCD}"
EndProject
Project("{FAE04EC0-301F-11D3-BF4B-00C04F79EFBC}") = "SOLID_PRINCIPLE.WEB", "SOLID_PRINCIPLE.WEB\SOLID_PRINCIPLE.WEB.csproj", "{41BFFE64-794E-4324-AE9B-DB3C3FEBE2CF}"
EndProject
Project("{FAE04EC0-301F-11D3-BF4B-00C04F79EFBC}") = "SOLID_PRINCIPLE.API", "SOLID_PRINCIPLE.API\SOLID_PRINCIPLE.API.csproj", "{C6B2DCBB-2978-42F2-B63A-C9689FD90ED6}"
EndProject
Global
	GlobalSection(SolutionConfigurationPlatforms) = preSolution
		Debug|Any CPU = Debug|Any CPU
		Release|Any CPU = Release|Any CPU
	EndGlobalSection
	GlobalSection(ProjectConfigurationPlatforms) = postSolution
		{9AB333B8-C80C-43FF-BAA9-8A8E84EE056B}.Debug|Any CPU.ActiveCfg = Debug|Any CPU
		{9AB333B8-C80C-43FF-BAA9-8A8E84EE056B}.Debug|Any CPU.Build.0 = Debug|Any CPU
		{9AB333B8-C80C-43FF-BAA9-8A8E84EE056B}.Release|Any CPU.ActiveCfg = Release|Any CPU
		{9AB333B8-C80C-43FF-BAA9-8A8E84EE056B}.Release|Any CPU.Build.0 = Release|Any CPU
		{CFC558EB-E8F3-496A-8C8B-189E8659D1FB}.Debug|Any CPU.ActiveCfg = Debug|Any CPU
		{CFC558EB-E8F3-496A-8C8B-189E8659D1FB}.Debug|Any CPU.Build.0 = Debug|Any CPU
		{CFC558EB-E8F3-496A-8C8B-189E8659D1FB}.Release|Any CPU.ActiveCfg = Release|Any CPU
		{CFC558EB-E8F3-496A-8C8B-189E8659D1FB}.Release|Any CPU.Build.0 = Release|Any CPU
		{67BB4C1D-527F-4985-9C13-52A581D6C864}.Debug|Any CPU.ActiveCfg = Debug|Any CPU
		{67BB4C1D-527F-4985-9C13-52A581D6C864}.Debug|Any CPU.Build.0 = Debug|Any CPU
		{67BB4C1D-527F-4985-9C13-52A581D6C864}.Release|Any CPU.ActiveCfg = Release|Any CPU
		{67BB4C1D-527F-4985-9C13-52A581D6C864}.Release|Any CPU.Build.0 = Release|Any CPU
		{2502CD56-51A9-4697-9D25-CDE70C6A8063}.Debug|Any CPU.ActiveCfg = Debug|Any CPU
		{2502CD56-51A9-4697-9D25-CDE70C6A8063}.Debug|Any CPU.Build.0 = Debug|Any CPU
		{2502CD56-51A9-4697-9D25-CDE70C6A8063}.Release|Any CPU.ActiveCfg = Release|Any CPU
		{2502CD56-51A9-4697-9D25-CDE70C6A8063}.Release|Any CPU.Build.0 = Release|Any CPU
		{0B6D8FF9-5545-4A49-8E50-ED716AA96BCD}.Debug|Any CPU.ActiveCfg = Debug|Any CPU
		{0B6D8FF9-5545-4A49-8E50-ED716AA96BCD}.Debug|Any CPU.Build.0 = Debug|Any CPU
		{0B6D8FF9-5545-4A49-8E50-ED716AA96BCD}.Release|Any CPU.ActiveCfg = Release|Any CPU
		{0B6D8FF9-5545-4A49-8E50-ED716AA96BCD}.Release|Any CPU.Build.0 = Release|Any CPU
		{41BFFE64-794E-4324-AE9B-DB3C3FEBE2CF}.Debug|Any CPU.ActiveCfg = Debug|Any CPU
		{41BFFE64-794E-4324-AE9B-DB3C3FEBE2CF}.Debug|Any CPU.Build.0 = Debug|Any CPU
		{41BFFE64-794E-4324-AE9B-DB3C3FEBE2CF}.Release|Any CPU.ActiveCfg = Release|Any CPU
		{41BFFE64-794E-4324-AE9B-DB3C3FEBE2CF}.Release|Any CPU.Build.0 = Release|Any CPU
		{C6B2DCBB-2978-42F2-B63A-C9689FD90ED6}.Debug|Any CPU.ActiveCfg = Debug|Any CPU
		{C6B2DCBB-2978-42F2-B63A-C9689FD90ED6}.Debug|Any CPU.Build.0 = Debug|Any CPU
		{C6B2DCBB-2978-42F2-B63A-C9689FD90ED6}.Release|Any CPU.ActiveCfg = Release|Any CPU
		{C6B2DCBB-2978-42F2-B63A-C9689FD90ED6}.Release|Any CPU.Build.0 = Release|Any CPU
	EndGlobalSection
	GlobalSection(SolutionProperties) = preSolution
		HideSolutionNode = FALSE
	EndGlobalSection
EndGlobal
